// !$*UTF8*$!
{
	archiveVersion = 1;
	classes = {
	};
	objectVersion = 46;
	objects = {

/* Begin PBXBuildFile section */
		CE5048E90601B8B73B55B185 /* Pods.framework in Frameworks */ = {isa = PBXBuildFile; fileRef = D75F11F916FE5C6BC4748043 /* Pods.framework */; };
		E6E1E4711C71119900DB55D4 /* AppDelegate.swift in Sources */ = {isa = PBXBuildFile; fileRef = E6E1E4701C71119900DB55D4 /* AppDelegate.swift */; };
		E6E1E4731C71119900DB55D4 /* ViewController.swift in Sources */ = {isa = PBXBuildFile; fileRef = E6E1E4721C71119900DB55D4 /* ViewController.swift */; };
		E6E1E4761C71119900DB55D4 /* Main.storyboard in Resources */ = {isa = PBXBuildFile; fileRef = E6E1E4741C71119900DB55D4 /* Main.storyboard */; };
		E6E1E4781C71119900DB55D4 /* Assets.xcassets in Resources */ = {isa = PBXBuildFile; fileRef = E6E1E4771C71119900DB55D4 /* Assets.xcassets */; };
		E6E1E47B1C71119900DB55D4 /* LaunchScreen.storyboard in Resources */ = {isa = PBXBuildFile; fileRef = E6E1E4791C71119900DB55D4 /* LaunchScreen.storyboard */; };
		E6E1E4831C7111E500DB55D4 /* Podfile in Resources */ = {isa = PBXBuildFile; fileRef = E6E1E4821C7111E500DB55D4 /* Podfile */; };
/* End PBXBuildFile section */

/* Begin PBXFileReference section */
		69E62A47274CF2E2F90BECA4 /* Pods.release.xcconfig */ = {isa = PBXFileReference; includeInIndex = 1; lastKnownFileType = text.xcconfig; name = Pods.release.xcconfig; path = "Pods/Target Support Files/Pods/Pods.release.xcconfig"; sourceTree = "<group>"; };
		D75F11F916FE5C6BC4748043 /* Pods.framework */ = {isa = PBXFileReference; explicitFileType = wrapper.framework; includeInIndex = 0; path = Pods.framework; sourceTree = BUILT_PRODUCTS_DIR; };
		E6E1E46D1C71119900DB55D4 /* AlamofireProject.app */ = {isa = PBXFileReference; explicitFileType = wrapper.application; includeInIndex = 0; path = AlamofireProject.app; sourceTree = BUILT_PRODUCTS_DIR; };
		E6E1E4701C71119900DB55D4 /* AppDelegate.swift */ = {isa = PBXFileReference; lastKnownFileType = sourcecode.swift; path = AppDelegate.swift; sourceTree = "<group>"; };
		E6E1E4721C71119900DB55D4 /* ViewController.swift */ = {isa = PBXFileReference; lastKnownFileType = sourcecode.swift; path = ViewController.swift; sourceTree = "<group>"; };
		E6E1E4751C71119900DB55D4 /* Base */ = {isa = PBXFileReference; lastKnownFileType = file.storyboard; name = Base; path = Base.lproj/Main.storyboard; sourceTree = "<group>"; };
		E6E1E4771C71119900DB55D4 /* Assets.xcassets */ = {isa = PBXFileReference; lastKnownFileType = folder.assetcatalog; path = Assets.xcassets; sourceTree = "<group>"; };
		E6E1E47A1C71119900DB55D4 /* Base */ = {isa = PBXFileReference; lastKnownFileType = file.storyboard; name = Base; path = Base.lproj/LaunchScreen.storyboard; sourceTree = "<group>"; };
		E6E1E47C1C71119900DB55D4 /* Info.plist */ = {isa = PBXFileReference; lastKnownFileType = text.plist.xml; path = Info.plist; sourceTree = "<group>"; };
		E6E1E4821C7111E500DB55D4 /* Podfile */ = {isa = PBXFileReference; fileEncoding = 4; lastKnownFileType = text; path = Podfile; sourceTree = "<group>"; };
		FB5C1C3349357DEA06DB3BF5 /* Pods.debug.xcconfig */ = {isa = PBXFileReference; includeInIndex = 1; lastKnownFileType = text.xcconfig; name = Pods.debug.xcconfig; path = "Pods/Target Support Files/Pods/Pods.debug.xcconfig"; sourceTree = "<group>"; };
/* End PBXFileReference section */

/* Begin PBXFrameworksBuildPhase section */
		E6E1E46A1C71119900DB55D4 /* Frameworks */ = {
			isa = PBXFrameworksBuildPhase;
			buildActionMask = 2147483647;
			files = (
				CE5048E90601B8B73B55B185 /* Pods.framework in Frameworks */,
			);
			runOnlyForDeploymentPostprocessing = 0;
		};
/* End PBXFrameworksBuildPhase section */

/* Begin PBXGroup section */
		69741110C7FD76B1C66A250B /* Frameworks */ = {
			isa = PBXGroup;
			children = (
				D75F11F916FE5C6BC4748043 /* Pods.framework */,
			);
			name = Frameworks;
			sourceTree = "<group>";
		};
		9EFD78C1CB8C175830D8491B /* Pods */ = {
			isa = PBXGroup;
			children = (
				FB5C1C3349357DEA06DB3BF5 /* Pods.debug.xcconfig */,
				69E62A47274CF2E2F90BECA4 /* Pods.release.xcconfig */,
			);
			name = Pods;
			sourceTree = "<group>";
		};
		E6E1E4641C71119900DB55D4 = {
			isa = PBXGroup;
			children = (
				E6E1E4821C7111E500DB55D4 /* Podfile */,
				E6E1E46F1C71119900DB55D4 /* AlamofireProject */,
				E6E1E46E1C71119900DB55D4 /* Products */,
				9EFD78C1CB8C175830D8491B /* Pods */,
				69741110C7FD76B1C66A250B /* Frameworks */,
			);
			sourceTree = "<group>";
		};
		E6E1E46E1C71119900DB55D4 /* Products */ = {
			isa = PBXGroup;
			children = (
				E6E1E46D1C71119900DB55D4 /* AlamofireProject.app */,
			);
			name = Products;
			sourceTree = "<group>";
		};
		E6E1E46F1C71119900DB55D4 /* AlamofireProject */ = {
			isa = PBXGroup;
			children = (
				E6E1E4701C71119900DB55D4 /* AppDelegate.swift */,
				E6E1E4721C71119900DB55D4 /* ViewController.swift */,
				E6E1E4741C71119900DB55D4 /* Main.storyboard */,
				E6E1E4771C71119900DB55D4 /* Assets.xcassets */,
				E6E1E4791C71119900DB55D4 /* LaunchScreen.storyboard */,
				E6E1E47C1C71119900DB55D4 /* Info.plist */,
			);
			path = AlamofireProject;
			sourceTree = "<group>";
		};
/* End PBXGroup section */

/* Begin PBXNativeTarget section */
		E6E1E46C1C71119900DB55D4 /* AlamofireProject */ = {
			isa = PBXNativeTarget;
			buildConfigurationList = E6E1E47F1C71119900DB55D4 /* Build configuration list for PBXNativeTarget "AlamofireProject" */;
			buildPhases = (
				8B967013DA1C86388CCA1204 /* Check Pods Manifest.lock */,
				E6E1E4691C71119900DB55D4 /* Sources */,
				E6E1E46A1C71119900DB55D4 /* Frameworks */,
				E6E1E46B1C71119900DB55D4 /* Resources */,
				9A066388C5FC497E823B03AA /* Embed Pods Frameworks */,
				E38A996F5B67B4B271809E91 /* Copy Pods Resources */,
			);
			buildRules = (
			);
			dependencies = (
			);
			name = AlamofireProject;
			productName = AlamofireProject;
			productReference = E6E1E46D1C71119900DB55D4 /* AlamofireProject.app */;
			productType = "com.apple.product-type.application";
		};
/* End PBXNativeTarget section */

/* Begin PBXProject section */
		E6E1E4651C71119900DB55D4 /* Project object */ = {
			isa = PBXProject;
			attributes = {
				LastSwiftUpdateCheck = 0720;
				LastUpgradeCheck = 0720;
				ORGANIZATIONNAME = Anat.Kant;
				TargetAttributes = {
					E6E1E46C1C71119900DB55D4 = {
						CreatedOnToolsVersion = 7.2;
						DevelopmentTeam = 65MC55ZR2Q;
					};
				};
			};
			buildConfigurationList = E6E1E4681C71119900DB55D4 /* Build configuration list for PBXProject "AlamofireProject" */;
			compatibilityVersion = "Xcode 3.2";
			developmentRegion = English;
			hasScannedForEncodings = 0;
			knownRegions = (
				en,
				Base,
			);
			mainGroup = E6E1E4641C71119900DB55D4;
			productRefGroup = E6E1E46E1C71119900DB55D4 /* Products */;
			projectDirPath = "";
			projectRoot = "";
			targets = (
				E6E1E46C1C71119900DB55D4 /* AlamofireProject */,
			);
		};
/* End PBXProject section */

/* Begin PBXResourcesBuildPhase section */
		E6E1E46B1C71119900DB55D4 /* Resources */ = {
			isa = PBXResourcesBuildPhase;
			buildActionMask = 2147483647;
			files = (
				E6E1E47B1C71119900DB55D4 /* LaunchScreen.storyboard in Resources */,
				E6E1E4781C71119900DB55D4 /* Assets.xcassets in Resources */,
				E6E1E4831C7111E500DB55D4 /* Podfile in Resources */,
				E6E1E4761C71119900DB55D4 /* Main.storyboard in Resources */,
			);
			runOnlyForDeploymentPostprocessing = 0;
		};
/* End PBXResourcesBuildPhase section */

/* Begin PBXShellScriptBuildPhase section */
		8B967013DA1C86388CCA1204 /* Check Pods Manifest.lock */ = {
			isa = PBXShellScriptBuildPhase;
			buildActionMask = 2147483647;
			files = (
			);
			inputPaths = (
			);
			name = "Check Pods Manifest.lock";
			outputPaths = (
			);
			runOnlyForDeploymentPostprocessing = 0;
			shellPath = /bin/sh;
			shellScript = "diff \"${PODS_ROOT}/../Podfile.lock\" \"${PODS_ROOT}/Manifest.lock\" > /dev/null\nif [[ $? != 0 ]] ; then\n    cat << EOM\nerror: The sandbox is not in sync with the Podfile.lock. Run 'pod install' or update your CocoaPods installation.\nEOM\n    exit 1\nfi\n";
			showEnvVarsInLog = 0;
		};
		9A066388C5FC497E823B03AA /* Embed Pods Frameworks */ = {
			isa = PBXShellScriptBuildPhase;
			buildActionMask = 2147483647;
			files = (
			);
			inputPaths = (
			);
			name = "Embed Pods Frameworks";
			outputPaths = (
			);
			runOnlyForDeploymentPostprocessing = 0;
			shellPath = /bin/sh;
			shellScript = "\"${SRCROOT}/Pods/Target Support Files/Pods/Pods-frameworks.sh\"\n";
			showEnvVarsInLog = 0;
		};
		E38A996F5B67B4B271809E91 /* Copy Pods Resources */ = {
			isa = PBXShellScriptBuildPhase;
			buildActionMask = 2147483647;
			files = (
			);
			inputPaths = (
			);
			name = "Copy Pods Resources";
			outputPaths = (
			);
			runOnlyForDeploymentPostprocessing = 0;
			shellPath = /bin/sh;
			shellScript = "\"${SRCROOT}/Pods/Target Support Files/Pods/Pods-resources.sh\"\n";
			showEnvVarsInLog = 0;
		};
/* End PBXShellScriptBuildPhase section */

/* Begin PBXSourcesBuildPhase section */
		E6E1E4691C71119900DB55D4 /* Sources */ = {
			isa = PBXSourcesBuildPhase;
			buildActionMask = 2147483647;
			files = (
				E6E1E4731C71119900DB55D4 /* ViewController.swift in Sources */,
				E6E1E4711C71119900DB55D4 /* AppDelegate.swift in Sources */,
			);
			runOnlyForDeploymentPostprocessing = 0;
		};
/* End PBXSourcesBuildPhase section */

/* Begin PBXVariantGroup section */
		E6E1E4741C71119900DB55D4 /* Main.storyboard */ = {
			isa = PBXVariantGroup;
			children = (
				E6E1E4751C71119900DB55D4 /* Base */,
			);
			name = Main.storyboard;
			sourceTree = "<group>";
		};
		E6E1E4791C71119900DB55D4 /* LaunchScreen.storyboard */ = {
			isa = PBXVariantGroup;
			children = (
				E6E1E47A1C71119900DB55D4 /* Base */,
			);
			name = LaunchScreen.storyboard;
			sourceTree = "<group>";
		};
/* End PBXVariantGroup section */

/* Begin XCBuildConfiguration section */
		E6E1E47D1C71119900DB55D4 /* Debug */ = {
			isa = XCBuildConfiguration;
			buildSettings = {
				ALWAYS_SEARCH_USER_PATHS = NO;
				CLANG_CXX_LANGUAGE_STANDARD = "gnu++0x";
				CLANG_CXX_LIBRARY = "libc++";
				CLANG_ENABLE_MODULES = YES;
				CLANG_ENABLE_OBJC_ARC = YES;
				CLANG_WARN_BOOL_CONVERSION = YES;
				CLANG_WARN_CONSTANT_CONVERSION = YES;
				CLANG_WARN_DIRECT_OBJC_ISA_USAGE = YES_ERROR;
				CLANG_WARN_EMPTY_BODY = YES;
				CLANG_WARN_ENUM_CONVERSION = YES;
				CLANG_WARN_INT_CONVERSION = YES;
				CLANG_WARN_OBJC_ROOT_CLASS = YES_ERROR;
				CLANG_WARN_UNREACHABLE_CODE = YES;
				CLANG_WARN__DUPLICATE_METHOD_MATCH = YES;
				"CODE_SIGN_IDENTITY[sdk=iphoneos*]" = "iPhone Developer";
				COPY_PHASE_STRIP = NO;
				DEBUG_INFORMATION_FORMAT = dwarf;
				ENABLE_STRICT_OBJC_MSGSEND = YES;
				ENABLE_TESTABILITY = YES;
				GCC_C_LANGUAGE_STANDARD = gnu99;
				GCC_DYNAMIC_NO_PIC = NO;
				GCC_NO_COMMON_BLOCKS = YES;
				GCC_OPTIMIZATION_LEVEL = 0;
				GCC_PREPROCESSOR_DEFINITIONS = (
					"DEBUG=1",
					"$(inherited)",
				);
				GCC_WARN_64_TO_32_BIT_CONVERSION = YES;
				GCC_WARN_ABOUT_RETURN_TYPE = YES_ERROR;
				GCC_WARN_UNDECLARED_SELECTOR = YES;
				GCC_WARN_UNINITIALIZED_AUTOS = YES_AGGRESSIVE;
				GCC_WARN_UNUSED_FUNCTION = YES;
				GCC_WARN_UNUSED_VARIABLE = YES;
				IPHONEOS_DEPLOYMENT_TARGET = 9.2;
				MTL_ENABLE_DEBUG_INFO = YES;
				ONLY_ACTIVE_ARCH = YES;
				SDKROOT = iphoneos;
				SWIFT_OPTIMIZATION_LEVEL = "-Onone";
			};
			name = Debug;
		};
		E6E1E47E1C71119900DB55D4 /* Release */ = {
			isa = XCBuildConfiguration;
			buildSettings = {
				ALWAYS_SEARCH_USER_PATHS = NO;
				CLANG_CXX_LANGUAGE_STANDARD = "gnu++0x";
				CLANG_CXX_LIBRARY = "libc++";
				CLANG_ENABLE_MODULES = YES;
				CLANG_ENABLE_OBJC_ARC = YES;
				CLANG_WARN_BOOL_CONVERSION = YES;
				CLANG_WARN_CONSTANT_CONVERSION = YES;
				CLANG_WARN_DIRECT_OBJC_ISA_USAGE = YES_ERROR;
				CLANG_WARN_EMPTY_BODY = YES;
				CLANG_WARN_ENUM_CONVERSION = YES;
				CLANG_WARN_INT_CONVERSION = YES;
				CLANG_WARN_OBJC_ROOT_CLASS = YES_ERROR;
				CLANG_WARN_UNREACHABLE_CODE = YES;
				CLANG_WARN__DUPLICATE_METHOD_MATCH = YES;
				"CODE_SIGN_IDENTITY[sdk=iphoneos*]" = "iPhone Developer";
				COPY_PHASE_STRIP = NO;
				DEBUG_INFORMATION_FORMAT = "dwarf-with-dsym";
				ENABLE_NS_ASSERTIONS = NO;
				ENABLE_STRICT_OBJC_MSGSEND = YES;
				GCC_C_LANGUAGE_STANDARD = gnu99;
				GCC_NO_COMMON_BLOCKS = YES;
				GCC_WARN_64_TO_32_BIT_CONVERSION = YES;
				GCC_WARN_ABOUT_RETURN_TYPE = YES_ERROR;
				GCC_WARN_UNDECLARED_SELECTOR = YES;
				GCC_WARN_UNINITIALIZED_AUTOS = YES_AGGRESSIVE;
				GCC_WARN_UNUSED_FUNCTION = YES;
				GCC_WARN_UNUSED_VARIABLE = YES;
				IPHONEOS_DEPLOYMENT_TARGET = 9.2;
				MTL_ENABLE_DEBUG_INFO = NO;
				SDKROOT = iphoneos;
				VALIDATE_PRODUCT = YES;
			};
			name = Release;
		};
		E6E1E4801C71119900DB55D4 /* Debug */ = {
			isa = XCBuildConfiguration;
			baseConfigurationReference = FB5C1C3349357DEA06DB3BF5 /* Pods.debug.xcconfig */;
			buildSettings = {
				ASSETCATALOG_COMPILER_APPICON_NAME = AppIcon;
				INFOPLIST_FILE = AlamofireProject/Info.plist;
				LD_RUNPATH_SEARCH_PATHS = "$(inherited) @executable_path/Frameworks";
				PRODUCT_BUNDLE_IDENTIFIER = mr.goliaf.AlamofireProject;
				PRODUCT_NAME = "$(TARGET_NAME)";
			};
			name = Debug;
		};
		E6E1E4811C71119900DB55D4 /* Release */ = {
			isa = XCBuildConfiguration;
			baseConfigurationReference = 69E62A47274CF2E2F90BECA4 /* Pods.release.xcconfig */;
			buildSettings = {
				ASSETCATALOG_COMPILER_APPICON_NAME = AppIcon;
				INFOPLIST_FILE = AlamofireProject/Info.plist;
				LD_RUNPATH_SEARCH_PATHS = "$(inherited) @executable_path/Frameworks";
				PRODUCT_BUNDLE_IDENTIFIER = mr.goliaf.AlamofireProject;
				PRODUCT_NAME = "$(TARGET_NAME)";
			};
			name = Release;
		};
/* End XCBuildConfiguration section */

/* Begin XCConfigurationList section */
		E6E1E4681C71119900DB55D4 /* Build configuration list for PBXProject "AlamofireProject" */ = {
			isa = XCConfigurationList;
			buildConfigurations = (
				E6E1E47D1C71119900DB55D4 /* Debug */,
				E6E1E47E1C71119900DB55D4 /* Release */,
			);
			defaultConfigurationIsVisible = 0;
			defaultConfigurationName = Release;
		};
		E6E1E47F1C71119900DB55D4 /* Build configuration list for PBXNativeTarget "AlamofireProject" */ = {
			isa = XCConfigurationList;
			buildConfigurations = (
				E6E1E4801C71119900DB55D4 /* Debug */,
				E6E1E4811C71119900DB55D4 /* Release */,
			);
			defaultConfigurationIsVisible = 0;
			defaultConfigurationName = Release;
		};
/* End XCConfigurationList section */
	};
	rootObject = E6E1E4651C71119900DB55D4 /* Project object */;
}
